// !$*UTF8*$!
{
	archiveVersion = 1;
	classes = {
	};
	objectVersion = 56;
	objects = {

/* Begin PBXBuildFile section */
		C174054C2AC11D3E002035EF /* EmptyGameDetailCellTests.swift in Sources */ = {isa = PBXBuildFile; fileRef = C174054B2AC11D3E002035EF /* EmptyGameDetailCellTests.swift */; };
		C17405512AC11EBA002035EF /* GameDetailCellTests.swift in Sources */ = {isa = PBXBuildFile; fileRef = C17405502AC11EBA002035EF /* GameDetailCellTests.swift */; };
		C17405552AC124B3002035EF /* GameDetailPageViewControllerTests.swift in Sources */ = {isa = PBXBuildFile; fileRef = C17405542AC124B3002035EF /* GameDetailPageViewControllerTests.swift */; };
		C17405582AC12DFF002035EF /* GameTableCellTests.swift in Sources */ = {isa = PBXBuildFile; fileRef = C17405572AC12DFF002035EF /* GameTableCellTests.swift */; };
		C1C566DA2AB38D5C000433CE /* AppDelegate.swift in Sources */ = {isa = PBXBuildFile; fileRef = C1C566D92AB38D5C000433CE /* AppDelegate.swift */; };
		C1C566DC2AB38D5C000433CE /* SceneDelegate.swift in Sources */ = {isa = PBXBuildFile; fileRef = C1C566DB2AB38D5C000433CE /* SceneDelegate.swift */; };
		C1C566DE2AB38D5C000433CE /* GameListViewController.swift in Sources */ = {isa = PBXBuildFile; fileRef = C1C566DD2AB38D5C000433CE /* GameListViewController.swift */; };
		C1C566E12AB38D5C000433CE /* GameListView.storyboard in Resources */ = {isa = PBXBuildFile; fileRef = C1C566DF2AB38D5C000433CE /* GameListView.storyboard */; };
		C1C566E32AB38D5D000433CE /* Assets.xcassets in Resources */ = {isa = PBXBuildFile; fileRef = C1C566E22AB38D5D000433CE /* Assets.xcassets */; };
		C1C566E62AB38D5D000433CE /* LaunchScreen.storyboard in Resources */ = {isa = PBXBuildFile; fileRef = C1C566E42AB38D5D000433CE /* LaunchScreen.storyboard */; };
		C1C566FB2AB38D5D000433CE /* Sam_Sample_AppUITests.swift in Sources */ = {isa = PBXBuildFile; fileRef = C1C566FA2AB38D5D000433CE /* Sam_Sample_AppUITests.swift */; };
		C1C566FD2AB38D5D000433CE /* Sam_Sample_AppUITestsLaunchTests.swift in Sources */ = {isa = PBXBuildFile; fileRef = C1C566FC2AB38D5D000433CE /* Sam_Sample_AppUITestsLaunchTests.swift */; };
		C1C567122AB7BD3A000433CE /* GameTableCell.xib in Resources */ = {isa = PBXBuildFile; fileRef = C1C567112AB7BD3A000433CE /* GameTableCell.xib */; };
		C1C567142AB7BEC9000433CE /* GameTableCell.swift in Sources */ = {isa = PBXBuildFile; fileRef = C1C567132AB7BEC9000433CE /* GameTableCell.swift */; };
		C1C567162AB7C4DF000433CE /* GameCellViewModel.swift in Sources */ = {isa = PBXBuildFile; fileRef = C1C567152AB7C4DF000433CE /* GameCellViewModel.swift */; };
		C1C5671A2AB7D30E000433CE /* GameDetailPageViewController.swift in Sources */ = {isa = PBXBuildFile; fileRef = C1C567192AB7D30E000433CE /* GameDetailPageViewController.swift */; };
		C1C5671E2AB7D753000433CE /* GameDetailCellView.swift in Sources */ = {isa = PBXBuildFile; fileRef = C1C5671D2AB7D753000433CE /* GameDetailCellView.swift */; };
		C1C567212AB91795000433CE /* API.swift in Sources */ = {isa = PBXBuildFile; fileRef = C1C567202AB91795000433CE /* API.swift */; };
		C1C567232AB91A3A000433CE /* MatchesDecodable.swift in Sources */ = {isa = PBXBuildFile; fileRef = C1C567222AB91A3A000433CE /* MatchesDecodable.swift */; };
		C1C5672E2AB92AC4000433CE /* StatsDecodable.swift in Sources */ = {isa = PBXBuildFile; fileRef = C1C5672D2AB92AC4000433CE /* StatsDecodable.swift */; };
		C1C567302AB92DB7000433CE /* GameDetailStatModel.swift in Sources */ = {isa = PBXBuildFile; fileRef = C1C5672F2AB92DB7000433CE /* GameDetailStatModel.swift */; };
		C1C567352ABBBA11000433CE /* MessageCell.swift in Sources */ = {isa = PBXBuildFile; fileRef = C1C567342ABBBA11000433CE /* MessageCell.swift */; };
		C1C567382ABC801A000433CE /* LoadingTableCell.swift in Sources */ = {isa = PBXBuildFile; fileRef = C1C567372ABC801A000433CE /* LoadingTableCell.swift */; };
		C1C567432ABD1E0A000433CE /* LoadingTableCellTests.swift in Sources */ = {isa = PBXBuildFile; fileRef = C1C567422ABD1E0A000433CE /* LoadingTableCellTests.swift */; };
		C1C567452ABD278D000433CE /* GameDetailStatModelTests.swift in Sources */ = {isa = PBXBuildFile; fileRef = C1C567442ABD278D000433CE /* GameDetailStatModelTests.swift */; };
		C1C567472ABD2860000433CE /* GameCellViewModelTests.swift in Sources */ = {isa = PBXBuildFile; fileRef = C1C567462ABD2860000433CE /* GameCellViewModelTests.swift */; };
		C1C567492ABD2CF5000433CE /* StatsDecodableTest.swift in Sources */ = {isa = PBXBuildFile; fileRef = C1C567482ABD2CF5000433CE /* StatsDecodableTest.swift */; };
		C1C5674F2ABD2D57000433CE /* MatchesDecodableTests.swift in Sources */ = {isa = PBXBuildFile; fileRef = C1C5674E2ABD2D57000433CE /* MatchesDecodableTests.swift */; };
		C1C567532ABDC4C1000433CE /* APITests.swift in Sources */ = {isa = PBXBuildFile; fileRef = C1C567522ABDC4C1000433CE /* APITests.swift */; };
		C1C567562ABDC66C000433CE /* MockAPI.swift in Sources */ = {isa = PBXBuildFile; fileRef = C1C567552ABDC66C000433CE /* MockAPI.swift */; };
		C1C567582ABDC8C4000433CE /* GameListViewControllerTests.swift in Sources */ = {isa = PBXBuildFile; fileRef = C1C567572ABDC8C4000433CE /* GameListViewControllerTests.swift */; };
		C1C5C1902AC46BF200F3C896 /* GameTableCell.xib in Resources */ = {isa = PBXBuildFile; fileRef = C1C567112AB7BD3A000433CE /* GameTableCell.xib */; };
		C1C5C1912AC46C0500F3C896 /* GameTableCell.xib in Resources */ = {isa = PBXBuildFile; fileRef = C1C567112AB7BD3A000433CE /* GameTableCell.xib */; };
		C1D68D342AC70A190003BC2F /* gamesSample.json in Resources */ = {isa = PBXBuildFile; fileRef = C1D68D332AC70A190003BC2F /* gamesSample.json */; };
		C1D68D362AC70A440003BC2F /* statsSample.json in Resources */ = {isa = PBXBuildFile; fileRef = C1D68D352AC70A440003BC2F /* statsSample.json */; };
		C1D68D372AC70AB10003BC2F /* gamesSample.json in Resources */ = {isa = PBXBuildFile; fileRef = C1D68D332AC70A190003BC2F /* gamesSample.json */; };
		C1D68D382AC70AB50003BC2F /* statsSample.json in Resources */ = {isa = PBXBuildFile; fileRef = C1D68D352AC70A440003BC2F /* statsSample.json */; };
		C1D68D3A2AC70CA00003BC2F /* MessageCellTests.swift in Sources */ = {isa = PBXBuildFile; fileRef = C1D68D392AC70CA00003BC2F /* MessageCellTests.swift */; };
/* End PBXBuildFile section */

/* Begin PBXContainerItemProxy section */
		C1C566ED2AB38D5D000433CE /* PBXContainerItemProxy */ = {
			isa = PBXContainerItemProxy;
			containerPortal = C1C566CE2AB38D5C000433CE /* Project object */;
			proxyType = 1;
			remoteGlobalIDString = C1C566D52AB38D5C000433CE;
			remoteInfo = "Sam-Sample-App";
		};
		C1C566F72AB38D5D000433CE /* PBXContainerItemProxy */ = {
			isa = PBXContainerItemProxy;
			containerPortal = C1C566CE2AB38D5C000433CE /* Project object */;
			proxyType = 1;
			remoteGlobalIDString = C1C566D52AB38D5C000433CE;
			remoteInfo = "Sam-Sample-App";
		};
/* End PBXContainerItemProxy section */

/* Begin PBXFileReference section */
		C174054B2AC11D3E002035EF /* EmptyGameDetailCellTests.swift */ = {isa = PBXFileReference; lastKnownFileType = sourcecode.swift; path = EmptyGameDetailCellTests.swift; sourceTree = "<group>"; };
		C17405502AC11EBA002035EF /* GameDetailCellTests.swift */ = {isa = PBXFileReference; lastKnownFileType = sourcecode.swift; path = GameDetailCellTests.swift; sourceTree = "<group>"; };
		C17405542AC124B3002035EF /* GameDetailPageViewControllerTests.swift */ = {isa = PBXFileReference; lastKnownFileType = sourcecode.swift; path = GameDetailPageViewControllerTests.swift; sourceTree = "<group>"; };
		C17405572AC12DFF002035EF /* GameTableCellTests.swift */ = {isa = PBXFileReference; lastKnownFileType = sourcecode.swift; path = GameTableCellTests.swift; sourceTree = "<group>"; };
		C1C566D62AB38D5C000433CE /* Sam-Sample-App.app */ = {isa = PBXFileReference; explicitFileType = wrapper.application; includeInIndex = 0; path = "Sam-Sample-App.app"; sourceTree = BUILT_PRODUCTS_DIR; };
		C1C566D92AB38D5C000433CE /* AppDelegate.swift */ = {isa = PBXFileReference; lastKnownFileType = sourcecode.swift; path = AppDelegate.swift; sourceTree = "<group>"; };
		C1C566DB2AB38D5C000433CE /* SceneDelegate.swift */ = {isa = PBXFileReference; lastKnownFileType = sourcecode.swift; path = SceneDelegate.swift; sourceTree = "<group>"; };
		C1C566DD2AB38D5C000433CE /* GameListViewController.swift */ = {isa = PBXFileReference; lastKnownFileType = sourcecode.swift; path = GameListViewController.swift; sourceTree = "<group>"; };
		C1C566E02AB38D5C000433CE /* Base */ = {isa = PBXFileReference; lastKnownFileType = file.storyboard; name = Base; path = Base.lproj/GameListView.storyboard; sourceTree = "<group>"; };
		C1C566E22AB38D5D000433CE /* Assets.xcassets */ = {isa = PBXFileReference; lastKnownFileType = folder.assetcatalog; path = Assets.xcassets; sourceTree = "<group>"; };
		C1C566E52AB38D5D000433CE /* Base */ = {isa = PBXFileReference; lastKnownFileType = file.storyboard; name = Base; path = Base.lproj/LaunchScreen.storyboard; sourceTree = "<group>"; };
		C1C566E72AB38D5D000433CE /* Info.plist */ = {isa = PBXFileReference; lastKnownFileType = text.plist.xml; path = Info.plist; sourceTree = "<group>"; };
		C1C566EC2AB38D5D000433CE /* Sam-Sample-AppTests.xctest */ = {isa = PBXFileReference; explicitFileType = wrapper.cfbundle; includeInIndex = 0; path = "Sam-Sample-AppTests.xctest"; sourceTree = BUILT_PRODUCTS_DIR; };
		C1C566F62AB38D5D000433CE /* Sam-Sample-AppUITests.xctest */ = {isa = PBXFileReference; explicitFileType = wrapper.cfbundle; includeInIndex = 0; path = "Sam-Sample-AppUITests.xctest"; sourceTree = BUILT_PRODUCTS_DIR; };
		C1C566FA2AB38D5D000433CE /* Sam_Sample_AppUITests.swift */ = {isa = PBXFileReference; lastKnownFileType = sourcecode.swift; path = Sam_Sample_AppUITests.swift; sourceTree = "<group>"; };
		C1C566FC2AB38D5D000433CE /* Sam_Sample_AppUITestsLaunchTests.swift */ = {isa = PBXFileReference; lastKnownFileType = sourcecode.swift; path = Sam_Sample_AppUITestsLaunchTests.swift; sourceTree = "<group>"; };
		C1C567112AB7BD3A000433CE /* GameTableCell.xib */ = {isa = PBXFileReference; lastKnownFileType = file.xib; path = GameTableCell.xib; sourceTree = "<group>"; };
		C1C567132AB7BEC9000433CE /* GameTableCell.swift */ = {isa = PBXFileReference; lastKnownFileType = sourcecode.swift; path = GameTableCell.swift; sourceTree = "<group>"; };
		C1C567152AB7C4DF000433CE /* GameCellViewModel.swift */ = {isa = PBXFileReference; lastKnownFileType = sourcecode.swift; path = GameCellViewModel.swift; sourceTree = "<group>"; };
		C1C567192AB7D30E000433CE /* GameDetailPageViewController.swift */ = {isa = PBXFileReference; lastKnownFileType = sourcecode.swift; path = GameDetailPageViewController.swift; sourceTree = "<group>"; };
		C1C5671D2AB7D753000433CE /* GameDetailCellView.swift */ = {isa = PBXFileReference; lastKnownFileType = sourcecode.swift; path = GameDetailCellView.swift; sourceTree = "<group>"; };
		C1C567202AB91795000433CE /* API.swift */ = {isa = PBXFileReference; lastKnownFileType = sourcecode.swift; path = API.swift; sourceTree = "<group>"; };
		C1C567222AB91A3A000433CE /* MatchesDecodable.swift */ = {isa = PBXFileReference; lastKnownFileType = sourcecode.swift; path = MatchesDecodable.swift; sourceTree = "<group>"; };
		C1C5672D2AB92AC4000433CE /* StatsDecodable.swift */ = {isa = PBXFileReference; lastKnownFileType = sourcecode.swift; path = StatsDecodable.swift; sourceTree = "<group>"; };
		C1C5672F2AB92DB7000433CE /* GameDetailStatModel.swift */ = {isa = PBXFileReference; lastKnownFileType = sourcecode.swift; path = GameDetailStatModel.swift; sourceTree = "<group>"; };
		C1C567342ABBBA11000433CE /* MessageCell.swift */ = {isa = PBXFileReference; lastKnownFileType = sourcecode.swift; path = MessageCell.swift; sourceTree = "<group>"; };
		C1C567372ABC801A000433CE /* LoadingTableCell.swift */ = {isa = PBXFileReference; lastKnownFileType = sourcecode.swift; path = LoadingTableCell.swift; sourceTree = "<group>"; };
		C1C567422ABD1E0A000433CE /* LoadingTableCellTests.swift */ = {isa = PBXFileReference; lastKnownFileType = sourcecode.swift; path = LoadingTableCellTests.swift; sourceTree = "<group>"; };
		C1C567442ABD278D000433CE /* GameDetailStatModelTests.swift */ = {isa = PBXFileReference; lastKnownFileType = sourcecode.swift; path = GameDetailStatModelTests.swift; sourceTree = "<group>"; };
		C1C567462ABD2860000433CE /* GameCellViewModelTests.swift */ = {isa = PBXFileReference; lastKnownFileType = sourcecode.swift; path = GameCellViewModelTests.swift; sourceTree = "<group>"; };
		C1C567482ABD2CF5000433CE /* StatsDecodableTest.swift */ = {isa = PBXFileReference; lastKnownFileType = sourcecode.swift; path = StatsDecodableTest.swift; sourceTree = "<group>"; };
		C1C5674E2ABD2D57000433CE /* MatchesDecodableTests.swift */ = {isa = PBXFileReference; lastKnownFileType = sourcecode.swift; path = MatchesDecodableTests.swift; sourceTree = "<group>"; };
		C1C567522ABDC4C1000433CE /* APITests.swift */ = {isa = PBXFileReference; lastKnownFileType = sourcecode.swift; path = APITests.swift; sourceTree = "<group>"; };
		C1C567552ABDC66C000433CE /* MockAPI.swift */ = {isa = PBXFileReference; lastKnownFileType = sourcecode.swift; path = MockAPI.swift; sourceTree = "<group>"; };
		C1C567572ABDC8C4000433CE /* GameListViewControllerTests.swift */ = {isa = PBXFileReference; lastKnownFileType = sourcecode.swift; path = GameListViewControllerTests.swift; sourceTree = "<group>"; };
		C1D68D332AC70A190003BC2F /* gamesSample.json */ = {isa = PBXFileReference; lastKnownFileType = text.json; path = gamesSample.json; sourceTree = "<group>"; };
		C1D68D352AC70A440003BC2F /* statsSample.json */ = {isa = PBXFileReference; lastKnownFileType = text.json; path = statsSample.json; sourceTree = "<group>"; };
		C1D68D392AC70CA00003BC2F /* MessageCellTests.swift */ = {isa = PBXFileReference; lastKnownFileType = sourcecode.swift; path = MessageCellTests.swift; sourceTree = "<group>"; };
/* End PBXFileReference section */

/* Begin PBXFrameworksBuildPhase section */
		C1C566D32AB38D5C000433CE /* Frameworks */ = {
			isa = PBXFrameworksBuildPhase;
			buildActionMask = 2147483647;
			files = (
			);
			runOnlyForDeploymentPostprocessing = 0;
		};
		C1C566E92AB38D5D000433CE /* Frameworks */ = {
			isa = PBXFrameworksBuildPhase;
			buildActionMask = 2147483647;
			files = (
			);
			runOnlyForDeploymentPostprocessing = 0;
		};
		C1C566F32AB38D5D000433CE /* Frameworks */ = {
			isa = PBXFrameworksBuildPhase;
			buildActionMask = 2147483647;
			files = (
			);
			runOnlyForDeploymentPostprocessing = 0;
		};
/* End PBXFrameworksBuildPhase section */

/* Begin PBXGroup section */
		C174054E2AC11D5C002035EF /* GameDetailViewTests */ = {
			isa = PBXGroup;
			children = (
				C174054B2AC11D3E002035EF /* EmptyGameDetailCellTests.swift */,
				C17405502AC11EBA002035EF /* GameDetailCellTests.swift */,
			);
			path = GameDetailViewTests;
			sourceTree = "<group>";
		};
		C174054F2AC11D75002035EF /* SharedViewTests */ = {
			isa = PBXGroup;
			children = (
				C1C567422ABD1E0A000433CE /* LoadingTableCellTests.swift */,
				C1D68D392AC70CA00003BC2F /* MessageCellTests.swift */,
			);
			path = SharedViewTests;
			sourceTree = "<group>";
		};
		C17405562AC12DE6002035EF /* AllGamesListViewsTests */ = {
			isa = PBXGroup;
			children = (
				C17405572AC12DFF002035EF /* GameTableCellTests.swift */,
			);
			path = AllGamesListViewsTests;
			sourceTree = "<group>";
		};
		C1C566CD2AB38D5C000433CE = {
			isa = PBXGroup;
			children = (
				C1C566D82AB38D5C000433CE /* Sam-Sample-App */,
				C1C566EF2AB38D5D000433CE /* Sam-Sample-AppTests */,
				C1C566F92AB38D5D000433CE /* Sam-Sample-AppUITests */,
				C1C566D72AB38D5C000433CE /* Products */,
			);
			sourceTree = "<group>";
		};
		C1C566D72AB38D5C000433CE /* Products */ = {
			isa = PBXGroup;
			children = (
				C1C566D62AB38D5C000433CE /* Sam-Sample-App.app */,
				C1C566EC2AB38D5D000433CE /* Sam-Sample-AppTests.xctest */,
				C1C566F62AB38D5D000433CE /* Sam-Sample-AppUITests.xctest */,
			);
			name = Products;
			sourceTree = "<group>";
		};
		C1C566D82AB38D5C000433CE /* Sam-Sample-App */ = {
			isa = PBXGroup;
			children = (
				C1C567262AB9261E000433CE /* Controllers */,
				C1C567092AB38D6F000433CE /* Delegates */,
				C1C567272AB92634000433CE /* Models */,
				C1C5670C2AB38EA7000433CE /* Networking */,
				C1C567282AB92653000433CE /* Resources */,
				C1C567252AB92606000433CE /* Views */,
			);
			path = "Sam-Sample-App";
			sourceTree = "<group>";
		};
		C1C566EF2AB38D5D000433CE /* Sam-Sample-AppTests */ = {
			isa = PBXGroup;
			children = (
				C1C567412ABD1D22000433CE /* ControllerTests */,
				C1C567542ABDC64E000433CE /* Helpers */,
				C1C5673F2ABD1D10000433CE /* ModelTests */,
				C1C5673E2ABD1D06000433CE /* NetworkingTests */,
				C1C5673D2ABD1CF6000433CE /* ViewTests */,
			);
			path = "Sam-Sample-AppTests";
			sourceTree = "<group>";
		};
		C1C566F92AB38D5D000433CE /* Sam-Sample-AppUITests */ = {
			isa = PBXGroup;
			children = (
				C1C566FA2AB38D5D000433CE /* Sam_Sample_AppUITests.swift */,
				C1C566FC2AB38D5D000433CE /* Sam_Sample_AppUITestsLaunchTests.swift */,
			);
			path = "Sam-Sample-AppUITests";
			sourceTree = "<group>";
		};
		C1C567092AB38D6F000433CE /* Delegates */ = {
			isa = PBXGroup;
			children = (
				C1C566D92AB38D5C000433CE /* AppDelegate.swift */,
				C1C566DB2AB38D5C000433CE /* SceneDelegate.swift */,
			);
			path = Delegates;
			sourceTree = "<group>";
		};
		C1C5670C2AB38EA7000433CE /* Networking */ = {
			isa = PBXGroup;
			children = (
				C1C567202AB91795000433CE /* API.swift */,
				C1C567222AB91A3A000433CE /* MatchesDecodable.swift */,
				C1C5672D2AB92AC4000433CE /* StatsDecodable.swift */,
			);
			path = Networking;
			sourceTree = "<group>";
		};
		C1C567252AB92606000433CE /* Views */ = {
			isa = PBXGroup;
			children = (
				C1C567362ABC800A000433CE /* Shared */,
				C1C567312AB92DDC000433CE /* AllGamesListViews */,
				C1C567322AB92DF8000433CE /* GameDetailViews */,
			);
			path = Views;
			sourceTree = "<group>";
		};
		C1C567262AB9261E000433CE /* Controllers */ = {
			isa = PBXGroup;
			children = (
				C1C567192AB7D30E000433CE /* GameDetailPageViewController.swift */,
				C1C566DD2AB38D5C000433CE /* GameListViewController.swift */,
			);
			path = Controllers;
			sourceTree = "<group>";
		};
		C1C567272AB92634000433CE /* Models */ = {
			isa = PBXGroup;
			children = (
				C1C5672F2AB92DB7000433CE /* GameDetailStatModel.swift */,
				C1C567152AB7C4DF000433CE /* GameCellViewModel.swift */,
			);
			path = Models;
			sourceTree = "<group>";
		};
		C1C567282AB92653000433CE /* Resources */ = {
			isa = PBXGroup;
			children = (
				C1C566E22AB38D5D000433CE /* Assets.xcassets */,
				C1C566E42AB38D5D000433CE /* LaunchScreen.storyboard */,
				C1C566E72AB38D5D000433CE /* Info.plist */,
			);
			path = Resources;
			sourceTree = "<group>";
		};
		C1C567312AB92DDC000433CE /* AllGamesListViews */ = {
			isa = PBXGroup;
			children = (
				C1C566DF2AB38D5C000433CE /* GameListView.storyboard */,
				C1C567112AB7BD3A000433CE /* GameTableCell.xib */,
				C1C567132AB7BEC9000433CE /* GameTableCell.swift */,
			);
			path = AllGamesListViews;
			sourceTree = "<group>";
		};
		C1C567322AB92DF8000433CE /* GameDetailViews */ = {
			isa = PBXGroup;
			children = (
				C1C5671D2AB7D753000433CE /* GameDetailCellView.swift */,
			);
			path = GameDetailViews;
			sourceTree = "<group>";
		};
		C1C567362ABC800A000433CE /* Shared */ = {
			isa = PBXGroup;
			children = (
				C1C567342ABBBA11000433CE /* MessageCell.swift */,
				C1C567372ABC801A000433CE /* LoadingTableCell.swift */,
			);
			path = Shared;
			sourceTree = "<group>";
		};
		C1C5673D2ABD1CF6000433CE /* ViewTests */ = {
			isa = PBXGroup;
			children = (
				C17405562AC12DE6002035EF /* AllGamesListViewsTests */,
				C174054F2AC11D75002035EF /* SharedViewTests */,
				C174054E2AC11D5C002035EF /* GameDetailViewTests */,
			);
			path = ViewTests;
			sourceTree = "<group>";
		};
		C1C5673E2ABD1D06000433CE /* NetworkingTests */ = {
			isa = PBXGroup;
			children = (
				C1C567482ABD2CF5000433CE /* StatsDecodableTest.swift */,
				C1C5674E2ABD2D57000433CE /* MatchesDecodableTests.swift */,
				C1C567522ABDC4C1000433CE /* APITests.swift */,
				C1D68D332AC70A190003BC2F /* gamesSample.json */,
				C1D68D352AC70A440003BC2F /* statsSample.json */,
			);
			path = NetworkingTests;
			sourceTree = "<group>";
		};
		C1C5673F2ABD1D10000433CE /* ModelTests */ = {
			isa = PBXGroup;
			children = (
				C1C567442ABD278D000433CE /* GameDetailStatModelTests.swift */,
				C1C567462ABD2860000433CE /* GameCellViewModelTests.swift */,
			);
			path = ModelTests;
			sourceTree = "<group>";
		};
		C1C567412ABD1D22000433CE /* ControllerTests */ = {
			isa = PBXGroup;
			children = (
				C1C567572ABDC8C4000433CE /* GameListViewControllerTests.swift */,
				C17405542AC124B3002035EF /* GameDetailPageViewControllerTests.swift */,
			);
			path = ControllerTests;
			sourceTree = "<group>";
		};
		C1C567542ABDC64E000433CE /* Helpers */ = {
			isa = PBXGroup;
			children = (
				C1C567552ABDC66C000433CE /* MockAPI.swift */,
			);
			path = Helpers;
			sourceTree = "<group>";
		};
/* End PBXGroup section */

/* Begin PBXNativeTarget section */
		C1C566D52AB38D5C000433CE /* Sam-Sample-App */ = {
			isa = PBXNativeTarget;
			buildConfigurationList = C1C567002AB38D5D000433CE /* Build configuration list for PBXNativeTarget "Sam-Sample-App" */;
			buildPhases = (
				C1C566D22AB38D5C000433CE /* Sources */,
				C1C566D32AB38D5C000433CE /* Frameworks */,
				C1C566D42AB38D5C000433CE /* Resources */,
			);
			buildRules = (
			);
			dependencies = (
			);
			name = "Sam-Sample-App";
			productName = "Sam-Sample-App";
			productReference = C1C566D62AB38D5C000433CE /* Sam-Sample-App.app */;
			productType = "com.apple.product-type.application";
		};
		C1C566EB2AB38D5D000433CE /* Sam-Sample-AppTests */ = {
			isa = PBXNativeTarget;
			buildConfigurationList = C1C567032AB38D5D000433CE /* Build configuration list for PBXNativeTarget "Sam-Sample-AppTests" */;
			buildPhases = (
				C1C566E82AB38D5D000433CE /* Sources */,
				C1C566E92AB38D5D000433CE /* Frameworks */,
				C1C566EA2AB38D5D000433CE /* Resources */,
			);
			buildRules = (
			);
			dependencies = (
				C1C566EE2AB38D5D000433CE /* PBXTargetDependency */,
			);
			name = "Sam-Sample-AppTests";
			productName = "Sam-Sample-AppTests";
			productReference = C1C566EC2AB38D5D000433CE /* Sam-Sample-AppTests.xctest */;
			productType = "com.apple.product-type.bundle.unit-test";
		};
		C1C566F52AB38D5D000433CE /* Sam-Sample-AppUITests */ = {
			isa = PBXNativeTarget;
			buildConfigurationList = C1C567062AB38D5D000433CE /* Build configuration list for PBXNativeTarget "Sam-Sample-AppUITests" */;
			buildPhases = (
				C1C566F22AB38D5D000433CE /* Sources */,
				C1C566F32AB38D5D000433CE /* Frameworks */,
				C1C566F42AB38D5D000433CE /* Resources */,
			);
			buildRules = (
			);
			dependencies = (
				C1C566F82AB38D5D000433CE /* PBXTargetDependency */,
			);
			name = "Sam-Sample-AppUITests";
			productName = "Sam-Sample-AppUITests";
			productReference = C1C566F62AB38D5D000433CE /* Sam-Sample-AppUITests.xctest */;
			productType = "com.apple.product-type.bundle.ui-testing";
		};
/* End PBXNativeTarget section */

/* Begin PBXProject section */
		C1C566CE2AB38D5C000433CE /* Project object */ = {
			isa = PBXProject;
			attributes = {
				BuildIndependentTargetsInParallel = 1;
				LastSwiftUpdateCheck = 1430;
				LastUpgradeCheck = 1430;
				TargetAttributes = {
					C1C566D52AB38D5C000433CE = {
						CreatedOnToolsVersion = 14.3.1;
					};
					C1C566EB2AB38D5D000433CE = {
						CreatedOnToolsVersion = 14.3.1;
						TestTargetID = C1C566D52AB38D5C000433CE;
					};
					C1C566F52AB38D5D000433CE = {
						CreatedOnToolsVersion = 14.3.1;
						TestTargetID = C1C566D52AB38D5C000433CE;
					};
				};
			};
			buildConfigurationList = C1C566D12AB38D5C000433CE /* Build configuration list for PBXProject "Sam-Sample-App" */;
			compatibilityVersion = "Xcode 14.0";
			developmentRegion = en;
			hasScannedForEncodings = 0;
			knownRegions = (
				en,
				Base,
			);
			mainGroup = C1C566CD2AB38D5C000433CE;
			productRefGroup = C1C566D72AB38D5C000433CE /* Products */;
			projectDirPath = "";
			projectRoot = "";
			targets = (
				C1C566D52AB38D5C000433CE /* Sam-Sample-App */,
				C1C566EB2AB38D5D000433CE /* Sam-Sample-AppTests */,
				C1C566F52AB38D5D000433CE /* Sam-Sample-AppUITests */,
			);
		};
/* End PBXProject section */

/* Begin PBXResourcesBuildPhase section */
		C1C566D42AB38D5C000433CE /* Resources */ = {
			isa = PBXResourcesBuildPhase;
			buildActionMask = 2147483647;
			files = (
				C1D68D382AC70AB50003BC2F /* statsSample.json in Resources */,
				C1D68D372AC70AB10003BC2F /* gamesSample.json in Resources */,
				C1C567122AB7BD3A000433CE /* GameTableCell.xib in Resources */,
				C1C566E62AB38D5D000433CE /* LaunchScreen.storyboard in Resources */,
				C1C566E32AB38D5D000433CE /* Assets.xcassets in Resources */,
				C1C566E12AB38D5C000433CE /* GameListView.storyboard in Resources */,
			);
			runOnlyForDeploymentPostprocessing = 0;
		};
		C1C566EA2AB38D5D000433CE /* Resources */ = {
			isa = PBXResourcesBuildPhase;
			buildActionMask = 2147483647;
			files = (
				C1D68D362AC70A440003BC2F /* statsSample.json in Resources */,
				C1C5C1902AC46BF200F3C896 /* GameTableCell.xib in Resources */,
				C1D68D342AC70A190003BC2F /* gamesSample.json in Resources */,
			);
			runOnlyForDeploymentPostprocessing = 0;
		};
		C1C566F42AB38D5D000433CE /* Resources */ = {
			isa = PBXResourcesBuildPhase;
			buildActionMask = 2147483647;
			files = (
				C1C5C1912AC46C0500F3C896 /* GameTableCell.xib in Resources */,
			);
			runOnlyForDeploymentPostprocessing = 0;
		};
/* End PBXResourcesBuildPhase section */

/* Begin PBXSourcesBuildPhase section */
		C1C566D22AB38D5C000433CE /* Sources */ = {
			isa = PBXSourcesBuildPhase;
			buildActionMask = 2147483647;
			files = (
				C1C5671E2AB7D753000433CE /* GameDetailCellView.swift in Sources */,
				C1C5672E2AB92AC4000433CE /* StatsDecodable.swift in Sources */,
				C1C566DE2AB38D5C000433CE /* GameListViewController.swift in Sources */,
				C1C566DA2AB38D5C000433CE /* AppDelegate.swift in Sources */,
				C1C567212AB91795000433CE /* API.swift in Sources */,
				C1C567162AB7C4DF000433CE /* GameCellViewModel.swift in Sources */,
				C1C567302AB92DB7000433CE /* GameDetailStatModel.swift in Sources */,
				C1C566DC2AB38D5C000433CE /* SceneDelegate.swift in Sources */,
				C1C567352ABBBA11000433CE /* MessageCell.swift in Sources */,
				C1C567382ABC801A000433CE /* LoadingTableCell.swift in Sources */,
				C1C5671A2AB7D30E000433CE /* GameDetailPageViewController.swift in Sources */,
				C1C567142AB7BEC9000433CE /* GameTableCell.swift in Sources */,
				C1C567232AB91A3A000433CE /* MatchesDecodable.swift in Sources */,
			);
			runOnlyForDeploymentPostprocessing = 0;
		};
		C1C566E82AB38D5D000433CE /* Sources */ = {
			isa = PBXSourcesBuildPhase;
			buildActionMask = 2147483647;
			files = (
				C1C567532ABDC4C1000433CE /* APITests.swift in Sources */,
				C17405552AC124B3002035EF /* GameDetailPageViewControllerTests.swift in Sources */,
				C1C567472ABD2860000433CE /* GameCellViewModelTests.swift in Sources */,
				C17405512AC11EBA002035EF /* GameDetailCellTests.swift in Sources */,
				C1C567432ABD1E0A000433CE /* LoadingTableCellTests.swift in Sources */,
				C174054C2AC11D3E002035EF /* EmptyGameDetailCellTests.swift in Sources */,
				C1C567582ABDC8C4000433CE /* GameListViewControllerTests.swift in Sources */,
				C1C567562ABDC66C000433CE /* MockAPI.swift in Sources */,
				C1D68D3A2AC70CA00003BC2F /* MessageCellTests.swift in Sources */,
				C1C567452ABD278D000433CE /* GameDetailStatModelTests.swift in Sources */,
				C1C567492ABD2CF5000433CE /* StatsDecodableTest.swift in Sources */,
				C17405582AC12DFF002035EF /* GameTableCellTests.swift in Sources */,
				C1C5674F2ABD2D57000433CE /* MatchesDecodableTests.swift in Sources */,
			);
			runOnlyForDeploymentPostprocessing = 0;
		};
		C1C566F22AB38D5D000433CE /* Sources */ = {
			isa = PBXSourcesBuildPhase;
			buildActionMask = 2147483647;
			files = (
				C1C566FD2AB38D5D000433CE /* Sam_Sample_AppUITestsLaunchTests.swift in Sources */,
				C1C566FB2AB38D5D000433CE /* Sam_Sample_AppUITests.swift in Sources */,
			);
			runOnlyForDeploymentPostprocessing = 0;
		};
/* End PBXSourcesBuildPhase section */

/* Begin PBXTargetDependency section */
		C1C566EE2AB38D5D000433CE /* PBXTargetDependency */ = {
			isa = PBXTargetDependency;
			target = C1C566D52AB38D5C000433CE /* Sam-Sample-App */;
			targetProxy = C1C566ED2AB38D5D000433CE /* PBXContainerItemProxy */;
		};
		C1C566F82AB38D5D000433CE /* PBXTargetDependency */ = {
			isa = PBXTargetDependency;
			target = C1C566D52AB38D5C000433CE /* Sam-Sample-App */;
			targetProxy = C1C566F72AB38D5D000433CE /* PBXContainerItemProxy */;
		};
/* End PBXTargetDependency section */

/* Begin PBXVariantGroup section */
		C1C566DF2AB38D5C000433CE /* GameListView.storyboard */ = {
			isa = PBXVariantGroup;
			children = (
				C1C566E02AB38D5C000433CE /* Base */,
			);
			name = GameListView.storyboard;
			sourceTree = "<group>";
		};
		C1C566E42AB38D5D000433CE /* LaunchScreen.storyboard */ = {
			isa = PBXVariantGroup;
			children = (
				C1C566E52AB38D5D000433CE /* Base */,
			);
			name = LaunchScreen.storyboard;
			sourceTree = "<group>";
		};
/* End PBXVariantGroup section */

/* Begin XCBuildConfiguration section */
		C1C566FE2AB38D5D000433CE /* Debug */ = {
			isa = XCBuildConfiguration;
			buildSettings = {
				ALWAYS_SEARCH_USER_PATHS = NO;
				CLANG_ANALYZER_NONNULL = YES;
				CLANG_ANALYZER_NUMBER_OBJECT_CONVERSION = YES_AGGRESSIVE;
				CLANG_CXX_LANGUAGE_STANDARD = "gnu++20";
				CLANG_ENABLE_MODULES = YES;
				CLANG_ENABLE_OBJC_ARC = YES;
				CLANG_ENABLE_OBJC_WEAK = YES;
				CLANG_WARN_BLOCK_CAPTURE_AUTORELEASING = YES;
				CLANG_WARN_BOOL_CONVERSION = YES;
				CLANG_WARN_COMMA = YES;
				CLANG_WARN_CONSTANT_CONVERSION = YES;
				CLANG_WARN_DEPRECATED_OBJC_IMPLEMENTATIONS = YES;
				CLANG_WARN_DIRECT_OBJC_ISA_USAGE = YES_ERROR;
				CLANG_WARN_DOCUMENTATION_COMMENTS = YES;
				CLANG_WARN_EMPTY_BODY = YES;
				CLANG_WARN_ENUM_CONVERSION = YES;
				CLANG_WARN_INFINITE_RECURSION = YES;
				CLANG_WARN_INT_CONVERSION = YES;
				CLANG_WARN_NON_LITERAL_NULL_CONVERSION = YES;
				CLANG_WARN_OBJC_IMPLICIT_RETAIN_SELF = YES;
				CLANG_WARN_OBJC_LITERAL_CONVERSION = YES;
				CLANG_WARN_OBJC_ROOT_CLASS = YES_ERROR;
				CLANG_WARN_QUOTED_INCLUDE_IN_FRAMEWORK_HEADER = YES;
				CLANG_WARN_RANGE_LOOP_ANALYSIS = YES;
				CLANG_WARN_STRICT_PROTOTYPES = YES;
				CLANG_WARN_SUSPICIOUS_MOVE = YES;
				CLANG_WARN_UNGUARDED_AVAILABILITY = YES_AGGRESSIVE;
				CLANG_WARN_UNREACHABLE_CODE = YES;
				CLANG_WARN__DUPLICATE_METHOD_MATCH = YES;
				COPY_PHASE_STRIP = NO;
				DEBUG_INFORMATION_FORMAT = dwarf;
				ENABLE_STRICT_OBJC_MSGSEND = YES;
				ENABLE_TESTABILITY = YES;
				GCC_C_LANGUAGE_STANDARD = gnu11;
				GCC_DYNAMIC_NO_PIC = NO;
				GCC_NO_COMMON_BLOCKS = YES;
				GCC_OPTIMIZATION_LEVEL = 0;
				GCC_PREPROCESSOR_DEFINITIONS = (
					"DEBUG=1",
					"$(inherited)",
				);
				GCC_WARN_64_TO_32_BIT_CONVERSION = YES;
				GCC_WARN_ABOUT_RETURN_TYPE = YES_ERROR;
				GCC_WARN_UNDECLARED_SELECTOR = YES;
				GCC_WARN_UNINITIALIZED_AUTOS = YES_AGGRESSIVE;
				GCC_WARN_UNUSED_FUNCTION = YES;
				GCC_WARN_UNUSED_VARIABLE = YES;
				IPHONEOS_DEPLOYMENT_TARGET = 16.4;
				MTL_ENABLE_DEBUG_INFO = INCLUDE_SOURCE;
				MTL_FAST_MATH = YES;
				ONLY_ACTIVE_ARCH = YES;
				SDKROOT = iphoneos;
				SWIFT_ACTIVE_COMPILATION_CONDITIONS = DEBUG;
				SWIFT_OPTIMIZATION_LEVEL = "-Onone";
			};
			name = Debug;
		};
		C1C566FF2AB38D5D000433CE /* Release */ = {
			isa = XCBuildConfiguration;
			buildSettings = {
				ALWAYS_SEARCH_USER_PATHS = NO;
				CLANG_ANALYZER_NONNULL = YES;
				CLANG_ANALYZER_NUMBER_OBJECT_CONVERSION = YES_AGGRESSIVE;
				CLANG_CXX_LANGUAGE_STANDARD = "gnu++20";
				CLANG_ENABLE_MODULES = YES;
				CLANG_ENABLE_OBJC_ARC = YES;
				CLANG_ENABLE_OBJC_WEAK = YES;
				CLANG_WARN_BLOCK_CAPTURE_AUTORELEASING = YES;
				CLANG_WARN_BOOL_CONVERSION = YES;
				CLANG_WARN_COMMA = YES;
				CLANG_WARN_CONSTANT_CONVERSION = YES;
				CLANG_WARN_DEPRECATED_OBJC_IMPLEMENTATIONS = YES;
				CLANG_WARN_DIRECT_OBJC_ISA_USAGE = YES_ERROR;
				CLANG_WARN_DOCUMENTATION_COMMENTS = YES;
				CLANG_WARN_EMPTY_BODY = YES;
				CLANG_WARN_ENUM_CONVERSION = YES;
				CLANG_WARN_INFINITE_RECURSION = YES;
				CLANG_WARN_INT_CONVERSION = YES;
				CLANG_WARN_NON_LITERAL_NULL_CONVERSION = YES;
				CLANG_WARN_OBJC_IMPLICIT_RETAIN_SELF = YES;
				CLANG_WARN_OBJC_LITERAL_CONVERSION = YES;
				CLANG_WARN_OBJC_ROOT_CLASS = YES_ERROR;
				CLANG_WARN_QUOTED_INCLUDE_IN_FRAMEWORK_HEADER = YES;
				CLANG_WARN_RANGE_LOOP_ANALYSIS = YES;
				CLANG_WARN_STRICT_PROTOTYPES = YES;
				CLANG_WARN_SUSPICIOUS_MOVE = YES;
				CLANG_WARN_UNGUARDED_AVAILABILITY = YES_AGGRESSIVE;
				CLANG_WARN_UNREACHABLE_CODE = YES;
				CLANG_WARN__DUPLICATE_METHOD_MATCH = YES;
				COPY_PHASE_STRIP = NO;
				DEBUG_INFORMATION_FORMAT = "dwarf-with-dsym";
				ENABLE_NS_ASSERTIONS = NO;
				ENABLE_STRICT_OBJC_MSGSEND = YES;
				GCC_C_LANGUAGE_STANDARD = gnu11;
				GCC_NO_COMMON_BLOCKS = YES;
				GCC_WARN_64_TO_32_BIT_CONVERSION = YES;
				GCC_WARN_ABOUT_RETURN_TYPE = YES_ERROR;
				GCC_WARN_UNDECLARED_SELECTOR = YES;
				GCC_WARN_UNINITIALIZED_AUTOS = YES_AGGRESSIVE;
				GCC_WARN_UNUSED_FUNCTION = YES;
				GCC_WARN_UNUSED_VARIABLE = YES;
				IPHONEOS_DEPLOYMENT_TARGET = 16.4;
				MTL_ENABLE_DEBUG_INFO = NO;
				MTL_FAST_MATH = YES;
				SDKROOT = iphoneos;
				SWIFT_COMPILATION_MODE = wholemodule;
				SWIFT_OPTIMIZATION_LEVEL = "-O";
				VALIDATE_PRODUCT = YES;
			};
			name = Release;
		};
		C1C567012AB38D5D000433CE /* Debug */ = {
			isa = XCBuildConfiguration;
			buildSettings = {
				ASSETCATALOG_COMPILER_APPICON_NAME = AppIcon;
				ASSETCATALOG_COMPILER_GLOBAL_ACCENT_COLOR_NAME = AccentColor;
				CODE_SIGN_STYLE = Automatic;
				CURRENT_PROJECT_VERSION = 1;
				DEVELOPMENT_TEAM = NKDB62FW4A;
				GENERATE_INFOPLIST_FILE = YES;
				INFOPLIST_FILE = "Sam-Sample-App/Resources/Info.plist";
				INFOPLIST_KEY_UIApplicationSupportsIndirectInputEvents = YES;
				INFOPLIST_KEY_UILaunchStoryboardName = LaunchScreen;
				INFOPLIST_KEY_UIMainStoryboardFile = GameListView;
				INFOPLIST_KEY_UISupportedInterfaceOrientations = UIInterfaceOrientationPortrait;
				LD_RUNPATH_SEARCH_PATHS = (
					"$(inherited)",
					"@executable_path/Frameworks",
				);
				MARKETING_VERSION = 1.0;
				PRODUCT_BUNDLE_IDENTIFIER = "samanthaCattani.Sam-Sample-App";
				PRODUCT_NAME = "$(TARGET_NAME)";
				SWIFT_EMIT_LOC_STRINGS = YES;
				SWIFT_VERSION = 5.0;
				TARGETED_DEVICE_FAMILY = "1,2";
			};
			name = Debug;
		};
		C1C567022AB38D5D000433CE /* Release */ = {
			isa = XCBuildConfiguration;
			buildSettings = {
				ASSETCATALOG_COMPILER_APPICON_NAME = AppIcon;
				ASSETCATALOG_COMPILER_GLOBAL_ACCENT_COLOR_NAME = AccentColor;
				CODE_SIGN_STYLE = Automatic;
				CURRENT_PROJECT_VERSION = 1;
				DEVELOPMENT_TEAM = NKDB62FW4A;
				GENERATE_INFOPLIST_FILE = YES;
				INFOPLIST_FILE = "Sam-Sample-App/Resources/Info.plist";
				INFOPLIST_KEY_UIApplicationSupportsIndirectInputEvents = YES;
				INFOPLIST_KEY_UILaunchStoryboardName = LaunchScreen;
				INFOPLIST_KEY_UIMainStoryboardFile = GameListView;
				INFOPLIST_KEY_UISupportedInterfaceOrientations = UIInterfaceOrientationPortrait;
				LD_RUNPATH_SEARCH_PATHS = (
					"$(inherited)",
					"@executable_path/Frameworks",
				);
				MARKETING_VERSION = 1.0;
				PRODUCT_BUNDLE_IDENTIFIER = "samanthaCattani.Sam-Sample-App";
				PRODUCT_NAME = "$(TARGET_NAME)";
				SWIFT_EMIT_LOC_STRINGS = YES;
				SWIFT_VERSION = 5.0;
				TARGETED_DEVICE_FAMILY = "1,2";
			};
			name = Release;
		};
		C1C567042AB38D5D000433CE /* Debug */ = {
			isa = XCBuildConfiguration;
			buildSettings = {
				ALWAYS_EMBED_SWIFT_STANDARD_LIBRARIES = YES;
				BUNDLE_LOADER = "$(TEST_HOST)";
				CODE_SIGN_STYLE = Automatic;
				CURRENT_PROJECT_VERSION = 1;
				DEVELOPMENT_TEAM = NKDB62FW4A;
				GENERATE_INFOPLIST_FILE = YES;
				IPHONEOS_DEPLOYMENT_TARGET = 16.4;
				MARKETING_VERSION = 1.0;
				PRODUCT_BUNDLE_IDENTIFIER = "samanthaCattani.Sam-Sample-AppTests";
				PRODUCT_NAME = "$(TARGET_NAME)";
				SWIFT_EMIT_LOC_STRINGS = NO;
				SWIFT_VERSION = 5.0;
				TARGETED_DEVICE_FAMILY = "1,2";
				TEST_HOST = "$(BUILT_PRODUCTS_DIR)/Sam-Sample-App.app/$(BUNDLE_EXECUTABLE_FOLDER_PATH)/Sam-Sample-App";
			};
			name = Debug;
		};
		C1C567052AB38D5D000433CE /* Release */ = {
			isa = XCBuildConfiguration;
			buildSettings = {
				ALWAYS_EMBED_SWIFT_STANDARD_LIBRARIES = YES;
				BUNDLE_LOADER = "$(TEST_HOST)";
				CODE_SIGN_STYLE = Automatic;
				CURRENT_PROJECT_VERSION = 1;
				DEVELOPMENT_TEAM = NKDB62FW4A;
				GENERATE_INFOPLIST_FILE = YES;
				IPHONEOS_DEPLOYMENT_TARGET = 16.4;
				MARKETING_VERSION = 1.0;
				PRODUCT_BUNDLE_IDENTIFIER = "samanthaCattani.Sam-Sample-AppTests";
				PRODUCT_NAME = "$(TARGET_NAME)";
				SWIFT_EMIT_LOC_STRINGS = NO;
				SWIFT_VERSION = 5.0;
				TARGETED_DEVICE_FAMILY = "1,2";
				TEST_HOST = "$(BUILT_PRODUCTS_DIR)/Sam-Sample-App.app/$(BUNDLE_EXECUTABLE_FOLDER_PATH)/Sam-Sample-App";
			};
			name = Release;
		};
		C1C567072AB38D5D000433CE /* Debug */ = {
			isa = XCBuildConfiguration;
			buildSettings = {
				ALWAYS_EMBED_SWIFT_STANDARD_LIBRARIES = YES;
				CODE_SIGN_STYLE = Automatic;
				CURRENT_PROJECT_VERSION = 1;
				DEVELOPMENT_TEAM = NKDB62FW4A;
				GENERATE_INFOPLIST_FILE = YES;
				MARKETING_VERSION = 1.0;
				PRODUCT_BUNDLE_IDENTIFIER = "samanthaCattani.Sam-Sample-AppUITests";
				PRODUCT_NAME = "$(TARGET_NAME)";
				SWIFT_EMIT_LOC_STRINGS = NO;
				SWIFT_VERSION = 5.0;
				TARGETED_DEVICE_FAMILY = "1,2";
				TEST_TARGET_NAME = "Sam-Sample-App";
			};
			name = Debug;
		};
		C1C567082AB38D5D000433CE /* Release */ = {
			isa = XCBuildConfiguration;
			buildSettings = {
				ALWAYS_EMBED_SWIFT_STANDARD_LIBRARIES = YES;
				CODE_SIGN_STYLE = Automatic;
				CURRENT_PROJECT_VERSION = 1;
				DEVELOPMENT_TEAM = NKDB62FW4A;
				GENERATE_INFOPLIST_FILE = YES;
				MARKETING_VERSION = 1.0;
				PRODUCT_BUNDLE_IDENTIFIER = "samanthaCattani.Sam-Sample-AppUITests";
				PRODUCT_NAME = "$(TARGET_NAME)";
				SWIFT_EMIT_LOC_STRINGS = NO;
				SWIFT_VERSION = 5.0;
				TARGETED_DEVICE_FAMILY = "1,2";
				TEST_TARGET_NAME = "Sam-Sample-App";
			};
			name = Release;
		};
/* End XCBuildConfiguration section */

/* Begin XCConfigurationList section */
		C1C566D12AB38D5C000433CE /* Build configuration list for PBXProject "Sam-Sample-App" */ = {
			isa = XCConfigurationList;
			buildConfigurations = (
				C1C566FE2AB38D5D000433CE /* Debug */,
				C1C566FF2AB38D5D000433CE /* Release */,
			);
			defaultConfigurationIsVisible = 0;
			defaultConfigurationName = Release;
		};
		C1C567002AB38D5D000433CE /* Build configuration list for PBXNativeTarget "Sam-Sample-App" */ = {
			isa = XCConfigurationList;
			buildConfigurations = (
				C1C567012AB38D5D000433CE /* Debug */,
				C1C567022AB38D5D000433CE /* Release */,
			);
			defaultConfigurationIsVisible = 0;
			defaultConfigurationName = Release;
		};
		C1C567032AB38D5D000433CE /* Build configuration list for PBXNativeTarget "Sam-Sample-AppTests" */ = {
			isa = XCConfigurationList;
			buildConfigurations = (
				C1C567042AB38D5D000433CE /* Debug */,
				C1C567052AB38D5D000433CE /* Release */,
			);
			defaultConfigurationIsVisible = 0;
			defaultConfigurationName = Release;
		};
		C1C567062AB38D5D000433CE /* Build configuration list for PBXNativeTarget "Sam-Sample-AppUITests" */ = {
			isa = XCConfigurationList;
			buildConfigurations = (
				C1C567072AB38D5D000433CE /* Debug */,
				C1C567082AB38D5D000433CE /* Release */,
			);
			defaultConfigurationIsVisible = 0;
			defaultConfigurationName = Release;
		};
/* End XCConfigurationList section */
	};
	rootObject = C1C566CE2AB38D5C000433CE /* Project object */;
}
